# This file is generated by running "yarn install" inside your project.
# Manual changes might be lost - proceed with caution!

__metadata:
  version: 4
  cacheKey: 5

"@types/eslint-scope@npm:^3.7.0":
  version: 3.7.0
  resolution: "@types/eslint-scope@npm:3.7.0"
  dependencies:
    "@types/eslint": "*"
    "@types/estree": "*"
  checksum: 1ee912a956f6fecd26bef9517ef33473498feda4a7fc7f191b705c750dcf8bbbd78a83d8c69e66d98c23cad4dfc8769a464780a3cf395948e3f0f85146729f68
  languageName: node
  linkType: hard

"@types/eslint@npm:*":
  version: 7.2.8
  resolution: "@types/eslint@npm:7.2.8"
  dependencies:
    "@types/estree": "*"
    "@types/json-schema": "*"
  checksum: 6b46e394c212e93bafae63852373284a1e2d4282a0eeb70783fa7e51cbb7d8768b4ee51092035e4a53dbd8b86c93586bc84ccc4fc25cb7c0e3dca49b656a513f
  languageName: node
  linkType: hard

"@types/estree@npm:*":
  version: 0.0.47
  resolution: "@types/estree@npm:0.0.47"
  checksum: 28cba548c7b61855f4ff0c20146512e71fb578253e3cb24baf1acf660c626a8a271f99848e8a8c4e0e87f177cfce28e8d1fcecb65a4aad4a92ba48fd73179289
  languageName: node
  linkType: hard

"@types/estree@npm:^0.0.46":
  version: 0.0.46
  resolution: "@types/estree@npm:0.0.46"
  checksum: 69fcf647706f5b6a475ec2f9aacf73b40866f577eef6c6f33de95cc3b4897381c2a8257646f13cd5d91fffc5debfe6289b6864ba29ad349ae68703f8b993c9f6
  languageName: node
  linkType: hard

"@types/json-schema@npm:*, @types/json-schema@npm:^7.0.6":
  version: 7.0.7
  resolution: "@types/json-schema@npm:7.0.7"
  checksum: b9d2c509fa4e0b82f58e73f5e6ab76c60ff1884ba41bb82f37fb1cece226d4a3e5a62fedf78a43da0005373a6713d9abe61c1e592906402c41c08ad6ab26d52b
  languageName: node
  linkType: hard

"@types/node@npm:*":
  version: 14.14.37
  resolution: "@types/node@npm:14.14.37"
  checksum: 5e2d9baf7594ebacaf016716515f30de0765169412787f981481c2fb8b468923149bb9e2e3219ee672399811672ceddc339a7372a61cf15bc656836a5494d991
  languageName: node
  linkType: hard

"@webassemblyjs/ast@npm:1.11.0":
  version: 1.11.0
  resolution: "@webassemblyjs/ast@npm:1.11.0"
  dependencies:
    "@webassemblyjs/helper-numbers": 1.11.0
    "@webassemblyjs/helper-wasm-bytecode": 1.11.0
  checksum: fc26bf2c831c472535eb45b21931c2118d3037cd132b4837accf41a3a2e3501a5a894389b79fd80106af936c574be164a1af42219e66237de96a617690aecfcf
  languageName: node
  linkType: hard

"@webassemblyjs/floating-point-hex-parser@npm:1.11.0":
  version: 1.11.0
  resolution: "@webassemblyjs/floating-point-hex-parser@npm:1.11.0"
  checksum: ae591c9e961f14510ea599c6aa08b9a728cc23e7ba19bd8383bf23b695035c5bbeb5f25dba34ad2fba441eb39beebe0d1aa6e83ead4a19a78120449ab3a56ef0
  languageName: node
  linkType: hard

"@webassemblyjs/helper-api-error@npm:1.11.0":
  version: 1.11.0
  resolution: "@webassemblyjs/helper-api-error@npm:1.11.0"
  checksum: 6a2c533780e63d79df33a2f455d0bcfbbbd0543da4f5e845eb6f7f7d68debf124a6e3c5d50888cc2eb4c251d90f77e6203498fff3177e8eb03e5175bae37a956
  languageName: node
  linkType: hard

"@webassemblyjs/helper-buffer@npm:1.11.0":
  version: 1.11.0
  resolution: "@webassemblyjs/helper-buffer@npm:1.11.0"
  checksum: 9303e0eaa4a1ab63fa1c8be95b6777499440946c4213846672cca4bb4657674d6c4a05cdfdfc8c0b22e885c830abdbcd9132ca1b869f3f41c244aacec3a4013e
  languageName: node
  linkType: hard

"@webassemblyjs/helper-numbers@npm:1.11.0":
  version: 1.11.0
  resolution: "@webassemblyjs/helper-numbers@npm:1.11.0"
  dependencies:
    "@webassemblyjs/floating-point-hex-parser": 1.11.0
    "@webassemblyjs/helper-api-error": 1.11.0
    "@xtuc/long": 4.2.2
  checksum: 58c29d37f9d6c5eaa1feb6af7ab7282cb35d1c9eaa95406c64942507ac11de1a975082fc825556e73b9ed5cdecb8aa22020559028ae45d5b3d42a7f2a6773881
  languageName: node
  linkType: hard

"@webassemblyjs/helper-wasm-bytecode@npm:1.11.0":
  version: 1.11.0
  resolution: "@webassemblyjs/helper-wasm-bytecode@npm:1.11.0"
  checksum: 5bcd67b430c6b39a25fe8904cc2f832ebfef7e2da17a84326553e2b69dde7aa6bc486380f4fa0d01f17f966fff93ac3b6523ffad79e4b8661eb6ddf7f9182e88
  languageName: node
  linkType: hard

"@webassemblyjs/helper-wasm-section@npm:1.11.0":
  version: 1.11.0
  resolution: "@webassemblyjs/helper-wasm-section@npm:1.11.0"
  dependencies:
    "@webassemblyjs/ast": 1.11.0
    "@webassemblyjs/helper-buffer": 1.11.0
    "@webassemblyjs/helper-wasm-bytecode": 1.11.0
    "@webassemblyjs/wasm-gen": 1.11.0
  checksum: ad4dd37c2b88ad2f7b53e5e9c04a1ce75eace4fd05b117a5459ebf9b8bd4f417ec6837c8b448481da95cad14d48413b937072146fee79796d1c86ec0cc32339d
  languageName: node
  linkType: hard

"@webassemblyjs/ieee754@npm:1.11.0":
  version: 1.11.0
  resolution: "@webassemblyjs/ieee754@npm:1.11.0"
  dependencies:
    "@xtuc/ieee754": ^1.2.0
  checksum: 7f282b7ab0754d89ad42f224de34622309e67a4869fc016b51fc8931ce0443a7bab289d5a59c683a9197fdaa60849e26cd68d2b36492af28b9d89139fda3c6c3
  languageName: node
  linkType: hard

"@webassemblyjs/leb128@npm:1.11.0":
  version: 1.11.0
  resolution: "@webassemblyjs/leb128@npm:1.11.0"
  dependencies:
    "@xtuc/long": 4.2.2
  checksum: d101b817361498a92697ddf9432bcde12bb52924d2494fad8bddd79ce6386f0c81275f014905b0342edd61d3b2a5b97e044b91f023fab9b44b0e00f8f794b888
  languageName: node
  linkType: hard

"@webassemblyjs/utf8@npm:1.11.0":
  version: 1.11.0
  resolution: "@webassemblyjs/utf8@npm:1.11.0"
  checksum: 772caa33fe900043a0dcf1cb4a6cc82a3359460a9de1df7dd9aaf736fcade80e678d939ca8e23063eccd17e44c0184769899874fe8d8f787e56318d462dcb83e
  languageName: node
  linkType: hard

"@webassemblyjs/wasm-edit@npm:1.11.0":
  version: 1.11.0
  resolution: "@webassemblyjs/wasm-edit@npm:1.11.0"
  dependencies:
    "@webassemblyjs/ast": 1.11.0
    "@webassemblyjs/helper-buffer": 1.11.0
    "@webassemblyjs/helper-wasm-bytecode": 1.11.0
    "@webassemblyjs/helper-wasm-section": 1.11.0
    "@webassemblyjs/wasm-gen": 1.11.0
    "@webassemblyjs/wasm-opt": 1.11.0
    "@webassemblyjs/wasm-parser": 1.11.0
    "@webassemblyjs/wast-printer": 1.11.0
  checksum: 3d83a925a54270fbc443a9606375b63469fc938e8af0ddd2516c98c2dd52d3113345a9ce1c8c42b524ee1301c45124685377a6dd764b56628cf5563e484fee0f
  languageName: node
  linkType: hard

"@webassemblyjs/wasm-gen@npm:1.11.0":
  version: 1.11.0
  resolution: "@webassemblyjs/wasm-gen@npm:1.11.0"
  dependencies:
    "@webassemblyjs/ast": 1.11.0
    "@webassemblyjs/helper-wasm-bytecode": 1.11.0
    "@webassemblyjs/ieee754": 1.11.0
    "@webassemblyjs/leb128": 1.11.0
    "@webassemblyjs/utf8": 1.11.0
  checksum: 3886702e589f8c19a34b7778837e2928da730291d1b19bae4fe2954dd8bf28ae5e1574880346762b788445a096c3b6a94c244d38ef66823a76c8f7a8d989c8e1
  languageName: node
  linkType: hard

"@webassemblyjs/wasm-opt@npm:1.11.0":
  version: 1.11.0
  resolution: "@webassemblyjs/wasm-opt@npm:1.11.0"
  dependencies:
    "@webassemblyjs/ast": 1.11.0
    "@webassemblyjs/helper-buffer": 1.11.0
    "@webassemblyjs/wasm-gen": 1.11.0
    "@webassemblyjs/wasm-parser": 1.11.0
  checksum: 8e2757994c07c4534f5f747da54919a37777ec0f97bc6a9a53739d87408346fa1464e1932f66d671091c51e3a983977e31be464568ad6e06762ec2c052eeda0c
  languageName: node
  linkType: hard

"@webassemblyjs/wasm-parser@npm:1.11.0":
  version: 1.11.0
  resolution: "@webassemblyjs/wasm-parser@npm:1.11.0"
  dependencies:
    "@webassemblyjs/ast": 1.11.0
    "@webassemblyjs/helper-api-error": 1.11.0
    "@webassemblyjs/helper-wasm-bytecode": 1.11.0
    "@webassemblyjs/ieee754": 1.11.0
    "@webassemblyjs/leb128": 1.11.0
    "@webassemblyjs/utf8": 1.11.0
  checksum: 12bfbb25b96630a1e44570cb71db33c368d0b86ccb56d2f80951217f7e072da894eef4512302e2f4155793acd2cf510d36af2b71aac672e94c64752d96cd3e97
  languageName: node
  linkType: hard

"@webassemblyjs/wast-printer@npm:1.11.0":
  version: 1.11.0
  resolution: "@webassemblyjs/wast-printer@npm:1.11.0"
  dependencies:
    "@webassemblyjs/ast": 1.11.0
    "@xtuc/long": 4.2.2
  checksum: 06eafb92cb347400f3a025102ad8f605fab706c8a89b4ecabedfe6d06854370e7f38304fd5b345bafa1c9c5de988318eb69b2252e9c67edacea8709d2e966dca
  languageName: node
  linkType: hard

"@xtuc/ieee754@npm:^1.2.0":
  version: 1.2.0
  resolution: "@xtuc/ieee754@npm:1.2.0"
  checksum: 65bb9c55a054e2d79bf2a8c4ea23a962bd23f654b84532f3555d158d06dedf1603a4131a2f685cad988e582824ef7b8179918e894537be9626ea357f8ea60a63
  languageName: node
  linkType: hard

"@xtuc/long@npm:4.2.2":
  version: 4.2.2
  resolution: "@xtuc/long@npm:4.2.2"
  checksum: ec09a359f98e9f8c47bf6c965e73b520a1a65e93f1febf6472babc8b6b0b425a2084452be103da5be11aec8c502ecfa29400713d55ef774579d04f691db44a2d
  languageName: node
  linkType: hard

"acorn@npm:^8.0.4":
  version: 8.1.0
  resolution: "acorn@npm:8.1.0"
  bin:
    acorn: bin/acorn
  checksum: 99ccf30832b00ff7e19dff353479fd303c5a82c4ae0a5c5904a6c03316658b89bbdca40f5d8473e6aedd988a404190abd7b431dbd3160df4c09a10398b84bf1c
  languageName: node
  linkType: hard

"ajv-keywords@npm:^3.5.2":
  version: 3.5.2
  resolution: "ajv-keywords@npm:3.5.2"
  peerDependencies:
    ajv: ^6.9.1
  checksum: 01f26c292304870c03a1cd14fc1ddcf7c713a05611a122c5193694d4050063d5fba46cbf8b5b2ebde364166fddd3c2e0abdcd97df655b7a7fbb3e6634eeb056a
  languageName: node
  linkType: hard

"ajv@npm:^6.12.5":
  version: 6.12.6
  resolution: "ajv@npm:6.12.6"
  dependencies:
    fast-deep-equal: ^3.1.1
    fast-json-stable-stringify: ^2.0.0
    json-schema-traverse: ^0.4.1
    uri-js: ^4.2.2
  checksum: 19a8f3b0a06001eb68e6268f4f9f04424b32baadd5df6ba8292cd473e22e5f4019ed9ab17c3e3510394178ed8bef9b42ad0bdb5c675d65f042421a774780ce1a
  languageName: node
  linkType: hard

"browserslist@npm:^4.14.5":
  version: 4.16.3
  resolution: "browserslist@npm:4.16.3"
  dependencies:
    caniuse-lite: ^1.0.30001181
    colorette: ^1.2.1
    electron-to-chromium: ^1.3.649
    escalade: ^3.1.1
    node-releases: ^1.1.70
  bin:
    browserslist: cli.js
  checksum: dfab0d3c3d9a3517cf3f8a274bc4e8245f3a02c1a5ae2a0e01498273d363952d11ee09fdce3b0ce551f6cab9d619ed2d9facf7b6471c9190df949a5ad39665c5
  languageName: node
  linkType: hard

"buffer-from@npm:^1.0.0":
  version: 1.1.1
  resolution: "buffer-from@npm:1.1.1"
  checksum: 540ceb79c4f5bfcadaabbc18324fa84c50dc52905084be7c03596a339cf5a88513bee6831ce9b36ddd046fab09257a7c80686e129d0559a0cfd141da196ad956
  languageName: node
  linkType: hard

"caniuse-lite@npm:^1.0.30001181":
  version: 1.0.30001207
  resolution: "caniuse-lite@npm:1.0.30001207"
  checksum: c0f1097c43be5178b56f4ae8829c57e3aa4658eaf8c8b9c06612dd7c43667e0b1122d7a61e5b0d73076e601df74917f43532b45ccf9ac5c207e4892f682b2087
  languageName: node
  linkType: hard

"chrome-trace-event@npm:^1.0.2":
  version: 1.0.2
  resolution: "chrome-trace-event@npm:1.0.2"
  dependencies:
    tslib: ^1.9.0
  checksum: 926fe23bc92e35c7fb666711c1dc1f342f289a728eb37d23bc4371df7587fe58152569eb57d657e2377f2e56093513939cab5a5a8f3589743938cc0b61527c02
  languageName: node
  linkType: hard

"colorette@npm:^1.2.1":
  version: 1.2.2
  resolution: "colorette@npm:1.2.2"
  checksum: e240f0c94b8d9f34b52bd17b50fc13a3b74f9e662edeaa2b0c65e06ec6b1fc6367fb42b834ec5a1d819d68b74a3d850f3bd3e284f9e614d6c4ffa122f83c6ec5
  languageName: node
  linkType: hard

"commander@npm:^2.20.0":
  version: 2.20.3
  resolution: "commander@npm:2.20.3"
  checksum: b73428e97de7624323f81ba13f8ed9271de487017432d18b4da3f07cfc528ad754bbd199004bd5d14e0ccd67d1fdfe0ec8dbbd4c438b401df3c4cc387bfd1daa
  languageName: node
  linkType: hard

"electron-to-chromium@npm:^1.3.649":
  version: 1.3.708
  resolution: "electron-to-chromium@npm:1.3.708"
  checksum: e54f7833a65818d97e44b56a8ead9f805dcc8604bdd10907f97784882f5a37754fe38a588549ea9d328b16a27ab4dbec0d88cc5fddbfe59e3a4e74169d9d7eaa
  languageName: node
  linkType: hard

"enhanced-resolve@npm:^5.7.0":
  version: 5.7.0
  resolution: "enhanced-resolve@npm:5.7.0"
  dependencies:
    graceful-fs: ^4.2.4
    tapable: ^2.2.0
  checksum: 545cfa659e9cdccf1240bccbbd1791db7ec589979d71b35df5aeaf872dd8d13fab379ad73fa960f4cb32963b85492792c0fb0866f484043740014824ae6088b9
  languageName: node
  linkType: hard

"es-module-lexer@npm:^0.4.0":
  version: 0.4.1
  resolution: "es-module-lexer@npm:0.4.1"
  checksum: 0c634ce62d3a77b04aa56b9ca2af2b58ff73a834afc76ac6747b25173e97d9050a28451b6ed39b54b84b8498d887ac8bd5bcf2c9aa9ba948ca0aee0acd613618
  languageName: node
  linkType: hard

"escalade@npm:^3.1.1":
  version: 3.1.1
  resolution: "escalade@npm:3.1.1"
  checksum: 1e31ff50d66f47cd0dfffa702061127116ccf9886d1f54a802a7b3bc95b94cab0cbf5b145cc5ac199036df6fd9d1bb24af1fa1bfed87c94879e950fbee5f86d1
  languageName: node
  linkType: hard

"eslint-scope@npm:^5.1.1":
  version: 5.1.1
  resolution: "eslint-scope@npm:5.1.1"
  dependencies:
    esrecurse: ^4.3.0
    estraverse: ^4.1.1
  checksum: 79465cf5082f4216176f6d49c7d088de89ee890f912eb87b831f23ee9a5e17ed0f3f2ab6108fb8fefa0474ba5ebeaa9bdefbe49ba704bd879b73f2445e23ee10
  languageName: node
  linkType: hard

"esrecurse@npm:^4.3.0":
  version: 4.3.0
  resolution: "esrecurse@npm:4.3.0"
  dependencies:
    estraverse: ^5.2.0
  checksum: 2c96302dd5c4e6d07154d0ce6baee9e829ebf77e21c50c5ca4f24d6d0006fe4a4582364624a01f5667a3633b3e39bbce1a8191924f8419fb71584bb45bf7bb81
  languageName: node
  linkType: hard

"estraverse@npm:^4.1.1":
  version: 4.3.0
  resolution: "estraverse@npm:4.3.0"
  checksum: 1e4c627da9e9af07bf7b2817320f606841808fb2ec0cbd81097b30d5f90d8613288b3e523153babe04615d59b54ef876d98f0ca27488b6c0934dacd725a8d338
  languageName: node
  linkType: hard

"estraverse@npm:^5.2.0":
  version: 5.2.0
  resolution: "estraverse@npm:5.2.0"
  checksum: 7dc1b027aebf937bab10c3254d9d73ed21672d7382518c9ddb9dc45560cb2f4e6548cc8ff1a07b7f431e94bd0fb0bf5da75b602e2473f966fea141c4c31b31d6
  languageName: node
  linkType: hard

"events@npm:^3.2.0":
  version: 3.3.0
  resolution: "events@npm:3.3.0"
  checksum: 56fa12567013e85b98782a1d971442ea29df057129d8a94432711fd68303357594ea37bfbe234860e28581a7768f943a8bea88c16b48aa01b96acf804bc01d52
  languageName: node
  linkType: hard

"fast-deep-equal@npm:^3.1.1":
  version: 3.1.3
  resolution: "fast-deep-equal@npm:3.1.3"
  checksum: 451526766b219503131d11e823eaadd1533080b0be4860e316670b039dcaf31cd1007c2fe036a9b922abba7c040dfad5e942ed79d21f2ff849e50049f36e0fb7
  languageName: node
  linkType: hard

"fast-json-stable-stringify@npm:^2.0.0":
  version: 2.1.0
  resolution: "fast-json-stable-stringify@npm:2.1.0"
  checksum: 7df3fabfe445d65953b2d9d9d3958bd895438b215a40fb87dae8b2165c5169a897785eb5d51e6cf0eb03523af756e3d82ea01083f6ac6341fe16db532fee3016
  languageName: node
  linkType: hard

"glob-to-regexp@npm:^0.4.1":
  version: 0.4.1
  resolution: "glob-to-regexp@npm:0.4.1"
  checksum: 6093c15d9f92d010998dd7cc7a5ba4e74eea83878d3f8c2616c6935dab9a79bf31ca7ddc214604b84a87c65b9e51481221e325be68f5fe6db8ed27dc76a5230f
  languageName: node
  linkType: hard

"graceful-fs@npm:^4.1.2, graceful-fs@npm:^4.2.4":
  version: 4.2.6
  resolution: "graceful-fs@npm:4.2.6"
  checksum: 84d39c7756892553da990a9db7e45f844b3309b37b5a00174cbb4748476f2250c54f24594d4d252f64f085c65c2fdac7c809419bf6d55f0e6e42eb07ac0f5bf2
  languageName: node
  linkType: hard

"has-flag@npm:^4.0.0":
  version: 4.0.0
  resolution: "has-flag@npm:4.0.0"
  checksum: 2e5391139d3d287231ccb58659702392f6e3abeac3296fb4721afaff46493f3d9b99a9329ae015dfe973aa206ed5c75f43e86aec0267dce79aa5c2b6e811b3ad
  languageName: node
  linkType: hard

"jest-worker@npm:^26.6.2":
  version: 26.6.2
  resolution: "jest-worker@npm:26.6.2"
  dependencies:
    "@types/node": "*"
    merge-stream: ^2.0.0
    supports-color: ^7.0.0
  checksum: 5eb349833b5e9750ce8700388961dfd5d5e207c913122221e418e48b9cda3c17b0fb418f6a90f1614cfdc3ca836158b720c5dc1de82cb1e708266b4d76e31a38
  languageName: node
  linkType: hard

"json-parse-better-errors@npm:^1.0.2":
  version: 1.0.2
  resolution: "json-parse-better-errors@npm:1.0.2"
  checksum: b4c4f0e43b43892af887db742b26f9aa6302b09cd5f6e655ead49fca9f47f3cdd300dcf98cf5218778262be51d7b29859221206fc98b87a1a61c5af7618dae89
  languageName: node
  linkType: hard

"json-schema-traverse@npm:^0.4.1":
  version: 0.4.1
  resolution: "json-schema-traverse@npm:0.4.1"
  checksum: 6f71bddba38aa043cf9c05ff9cf37158a6657909f1dd37032ba164b76923da47a17bb4592ee4f7f9c029dfaf26965b821ac214c1f991bb3bd038c9cfea2da50b
  languageName: node
  linkType: hard

"loader-runner@npm:^4.2.0":
  version: 4.2.0
  resolution: "loader-runner@npm:4.2.0"
  checksum: e8b103ae98d589d9f5444b51053cc8ec48d8d6d9c1d0f845fd6d25ada769c68f22c5031a58ba95faf9a561eb95607a38005ac37339e1e4e37105467193d2b290
  languageName: node
  linkType: hard

"merge-stream@npm:^2.0.0":
  version: 2.0.0
  resolution: "merge-stream@npm:2.0.0"
  checksum: cde834809a0e65485e474de3162af9853ab2a07977fd36d328947b7b3e6207df719ffb115b11085ecc570501e15a2aa8bacd772ac53f77873f53b0626e52a39a
  languageName: node
  linkType: hard

"mime-db@npm:1.47.0":
  version: 1.47.0
  resolution: "mime-db@npm:1.47.0"
  checksum: f5f9220dd53c240c9234323571f632486c663e36676ebfdca9963fb9a92d1dd28b16124bceff60868fb70743764ade8466dd5e6a1a833decde89ae6d15211503
  languageName: node
  linkType: hard

"mime-types@npm:^2.1.27":
  version: 2.1.30
  resolution: "mime-types@npm:2.1.30"
  dependencies:
    mime-db: 1.47.0
  checksum: c7ca8a9980bdae0b760820aded39ea9541a8236f4abc105df645ea5b09a9c4a5299e28667c0c9596ab8e4ca84b219fd8b94b5c68e32b59891ca1f57a7e848c02
  languageName: node
  linkType: hard

"my-release@workspace:.":
  version: 0.0.0-use.local
  resolution: "my-release@workspace:."
  dependencies:
    webpack: ^5.30.0
  languageName: unknown
  linkType: soft

"neo-async@npm:^2.6.2":
  version: 2.6.2
  resolution: "neo-async@npm:2.6.2"
  checksum: 34a8f5309135be258a97082af810ea43700a3e0121e7b1ea31b3e22e2663d7c0d502cd949abb6d1ab8c11abfd04500ee61721ec5408b2d4bef8105241fd8a4c2
  languageName: node
  linkType: hard

"node-releases@npm:^1.1.70":
  version: 1.1.71
  resolution: "node-releases@npm:1.1.71"
  checksum: 9e283003f1deafd0ca7f9bbde9c4b5b05d880ca165217f5227b37406626d6689a246a5c4c72f9a8512be65cd51b13cc7d0f5d8bc68ad36089b620f1810292340
  languageName: node
  linkType: hard

"p-limit@npm:^3.1.0":
  version: 3.1.0
  resolution: "p-limit@npm:3.1.0"
  dependencies:
    yocto-queue: ^0.1.0
  checksum: 5301db6a34fc1fe3714ae562c100a0567d8c16ce9db800f547bbe75efc045c40cd74c4a4c893279975dcf15afc1217c8d2c93fe957a156a3a43d7cce98eaad2e
  languageName: node
  linkType: hard

"punycode@npm:^2.1.0":
  version: 2.1.1
  resolution: "punycode@npm:2.1.1"
  checksum: 0202dc191cb35bfd88870ac99a1e824b03486d4cee20b543ef337a6dee8d8b11017da32a3e4c40b69b19976e982c030b62bd72bba42884acb691bc5ef91354c8
  languageName: node
  linkType: hard

"randombytes@npm:^2.1.0":
  version: 2.1.0
  resolution: "randombytes@npm:2.1.0"
  dependencies:
    safe-buffer: ^5.1.0
  checksum: ede2693af09732ceab1c273dd70db787f34a7b8d95bab13f1aca763483c0113452a78e53d61ff18d393dcea586d388e01f198a5132a4a85cebba31ec54164b75
  languageName: node
  linkType: hard

"safe-buffer@npm:^5.1.0":
  version: 5.2.1
  resolution: "safe-buffer@npm:5.2.1"
  checksum: 0bb57f0d8f9d1fa4fe35ad8a2db1f83a027d48f2822d59ede88fd5cd4ddad83c0b497213feb7a70fbf90597a70c5217f735b0eb1850df40ce9b4ae81dd22b3f9
  languageName: node
  linkType: hard

"schema-utils@npm:^3.0.0":
  version: 3.0.0
  resolution: "schema-utils@npm:3.0.0"
  dependencies:
    "@types/json-schema": ^7.0.6
    ajv: ^6.12.5
    ajv-keywords: ^3.5.2
  checksum: a084f593f222560c412a4d8f40c92386c01c1c709f27c0672c2f02927a4d4d475f57f8b8e91198d0defb452add160476a03f07a05b26200a64b5124fa874e158
  languageName: node
  linkType: hard

"serialize-javascript@npm:^5.0.1":
  version: 5.0.1
  resolution: "serialize-javascript@npm:5.0.1"
  dependencies:
    randombytes: ^2.1.0
  checksum: 97eef70a33c75e690b0c6aa2ffe622ecdfc888d3f181a5cf129e5778228dcd100febabc0f41ff793199ee79acd14cbbad0c69f1348a3893580fe424c4718889b
  languageName: node
  linkType: hard

"source-list-map@npm:^2.0.1":
  version: 2.0.1
  resolution: "source-list-map@npm:2.0.1"
  checksum: d8d45f29987d00d995ccda308dcc78b710031a9958fdb5d26674d32220c952eb7a8562062638d91896628ae4eef30e1cd112a6a547563dfda0b013024c2a9bf7
  languageName: node
  linkType: hard

"source-map-support@npm:~0.5.19":
  version: 0.5.19
  resolution: "source-map-support@npm:0.5.19"
  dependencies:
    buffer-from: ^1.0.0
    source-map: ^0.6.0
  checksum: 59d4efaae97755155b078413ecba63517e3ef054cc7ab767bbd30e6f3054be2ae8e8f5cce7eef53b7eb93e98fe27a58dd8f5e7abfb13144ba420ddaf5267bbb2
  languageName: node
  linkType: hard

"source-map@npm:^0.6.0, source-map@npm:^0.6.1":
  version: 0.6.1
  resolution: "source-map@npm:0.6.1"
  checksum: 8647829a0611724114022be455ca1c8a2c8ae61df81c5b3667d9b398207226a1e21174fb7bbf0b4dbeb27ac358222afb5a14f1c74a62a62b8883b012e5eb1270
  languageName: node
  linkType: hard

"source-map@npm:~0.7.2":
  version: 0.7.3
  resolution: "source-map@npm:0.7.3"
  checksum: 351ce26ffa1ebf203660c0d70d7566c81e65d2d994d1c2d94da140808e02da34961673ce12ecea9b40797b96fbeb8c70bf71a4ad9f779f1a4fdbba75530bb386
  languageName: node
  linkType: hard

"supports-color@npm:^7.0.0":
  version: 7.2.0
  resolution: "supports-color@npm:7.2.0"
  dependencies:
    has-flag: ^4.0.0
  checksum: 8e57067c39216f3c2ffce7cc14ca934d54746192571203aa9c9922d97d2d55cc1bdaa9e41a11f91e620670b5a74ebdec6b548a885d8cc2dea7cab59e21416029
  languageName: node
  linkType: hard

"tapable@npm:^2.1.1, tapable@npm:^2.2.0":
  version: 2.2.0
  resolution: "tapable@npm:2.2.0"
  checksum: f8ed725aedb3d777bf908ff06c02d1a2108667d3e64af87dd45354ac8de67e7e4fe1a567e215057fb1a2a5437b31d80cc5e5ddbb8327f7280afd4494967a9a93
  languageName: node
  linkType: hard

"terser-webpack-plugin@npm:^5.1.1":
  version: 5.1.1
  resolution: "terser-webpack-plugin@npm:5.1.1"
  dependencies:
    jest-worker: ^26.6.2
    p-limit: ^3.1.0
    schema-utils: ^3.0.0
    serialize-javascript: ^5.0.1
    source-map: ^0.6.1
    terser: ^5.5.1
  peerDependencies:
    webpack: ^5.1.0
  checksum: 8364e53f34764f94aa5c7e74c506d36e130e63cbe91e84cc3f176d712cbc2d3127be8267c88395523e6e39dd45e759704335dc17efab27489a05d9fa148bf05d
  languageName: node
  linkType: hard

"terser@npm:^5.5.1":
  version: 5.6.1
  resolution: "terser@npm:5.6.1"
  dependencies:
    commander: ^2.20.0
    source-map: ~0.7.2
    source-map-support: ~0.5.19
  bin:
    terser: bin/terser
  checksum: 55348dd25452f0a1690040f943a890dc3e33b8711b1c0592ef1114b2eca51d6ec8db8f8f769f1483b088575c07f44b7e92b3dda5f430ff6fa8c2ebd461db26f9
  languageName: node
  linkType: hard

"tslib@npm:^1.9.0":
  version: 1.14.1
  resolution: "tslib@npm:1.14.1"
  checksum: f44fe7f216946b17d3e3074df3746372703cf24e9127b4c045511456e8e4bf25515fb0a1bb3937676cc305651c5d4fcb6377b0588a4c6a957e748c4c28905d17
  languageName: node
  linkType: hard

"uri-js@npm:^4.2.2":
  version: 4.4.1
  resolution: "uri-js@npm:4.4.1"
  dependencies:
    punycode: ^2.1.0
  checksum: 7d8ae8e2d7b82480d7d337f3e53c9a89ffdc7ebb1c31f212da3df6349f2fd1e6a4361f5fb27369ecab33fa37aa85edc53aec6eb7c9a7c3207a9e0944e8c48802
  languageName: node
  linkType: hard

"watchpack@npm:^2.0.0":
  version: 2.1.1
  resolution: "watchpack@npm:2.1.1"
  dependencies:
    glob-to-regexp: ^0.4.1
    graceful-fs: ^4.1.2
  checksum: 1aa185936b2e3ec29a41a65776f4e002da95206a14f5cca0856fbddf157f025dc29191598508082bab4cfc026e69ad8e7774f34680e9c479b5a25bbf9d9f1a1c
  languageName: node
  linkType: hard

"webpack-sources@npm:^2.1.1":
  version: 2.2.0
  resolution: "webpack-sources@npm:2.2.0"
  dependencies:
    source-list-map: ^2.0.1
    source-map: ^0.6.1
  checksum: 7c4b797fa90d310872b70469dc04254e35571fb34530280a47b93edbe9cd6b0ffb79cf2b7565f4a18ff5b70315ff245d465ad35f952366cfd93c55d6445e2378
  languageName: node
  linkType: hard

"webpack@npm:^5.30.0":
  version: 5.30.0
  resolution: "webpack@npm:5.30.0"
  dependencies:
    "@types/eslint-scope": ^3.7.0
    "@types/estree": ^0.0.46
    "@webassemblyjs/ast": 1.11.0
    "@webassemblyjs/wasm-edit": 1.11.0
    "@webassemblyjs/wasm-parser": 1.11.0
    acorn: ^8.0.4
    browserslist: ^4.14.5
    chrome-trace-event: ^1.0.2
    enhanced-resolve: ^5.7.0
    es-module-lexer: ^0.4.0
    eslint-scope: ^5.1.1
    events: ^3.2.0
    glob-to-regexp: ^0.4.1
    graceful-fs: ^4.2.4
    json-parse-better-errors: ^1.0.2
    loader-runner: ^4.2.0
    mime-types: ^2.1.27
    neo-async: ^2.6.2
    schema-utils: ^3.0.0
    tapable: ^2.1.1
    terser-webpack-plugin: ^5.1.1
    watchpack: ^2.0.0
    webpack-sources: ^2.1.1
  peerDependencies:
    webpack-cli: "*"
  peerDependenciesMeta:
    webpack-cli:
      optional: true
  bin:
    webpack: bin/webpack.js
  checksum: 133845a1a94b1c24339ee0aef5b961fd513868ad93b875c7c9a670dac2388aeae238519ace48c283453f52ccbb0159a211043db1cd17a38b12279546aa05ce44
  languageName: node
  linkType: hard

"yocto-queue@npm:^0.1.0":
  version: 0.1.0
  resolution: "yocto-queue@npm:0.1.0"
  checksum: 096c3b40beb2804659539be1605a35c58eb0c85285f94b77b3e924f42ee265c1a40bf9f4153770039517146b469a964d51742395f35ca8135fc9f7e4982b785d
  languageName: node
  linkType: hard
